{
  "version": 1,
  "dependencies": {
    "net8.0": {
      "Azure.Containers.ContainerRegistry": {
        "type": "Direct",
        "requested": "[1.1.1, )",
        "resolved": "1.1.1",
        "contentHash": "yFly4PvdtRjLMyuGiLw3zGVy4yYt2ipWRkLz1cVQBio3Ic6ahwYQEqE72wHRChQ4olLZPyV9xPmtCL+tIfOiog==",
        "dependencies": {
          "Azure.Core": "1.36.0",
          "System.Text.Json": "4.7.2"
        }
      },
      "Azure.Identity": {
        "type": "Direct",
        "requested": "[1.12.1, )",
        "resolved": "1.12.1",
        "contentHash": "7j7ksn+1X2swW2DDDEEywK5wxuYImzMIXnunZTB83E3mwzBbyHOob1hO1wOG5fMZYTGe/+9gyc/qurcozaSm1A==",
        "dependencies": {
          "Azure.Core": "1.40.0",
          "Microsoft.Identity.Client": "4.65.0",
          "Microsoft.Identity.Client.Extensions.Msal": "4.65.0",
          "System.Memory": "4.5.4",
          "System.Security.Cryptography.ProtectedData": "4.7.0",
          "System.Text.Json": "4.7.2",
          "System.Threading.Tasks.Extensions": "4.5.4"
        }
      },
      "Azure.ResourceManager.Applications.Containers": {
        "type": "Direct",
        "requested": "[1.0.0-beta.1, )",
        "resolved": "1.0.0-beta.1",
        "contentHash": "wJw9EqjfSzXlMUwN5m2l55BxqUkvuqYnAYuLeZ+nZDvyX4iyuup33R1qfpu64b27pH3QMjqGXnfrZXD71Yjw3w==",
        "dependencies": {
          "Azure.Core": "1.24.0",
          "Azure.ResourceManager": "1.0.0",
          "System.Text.Json": "4.7.2"
        }
      },
      "Microsoft.CodeAnalysis.BannedApiAnalyzers": {
        "type": "Direct",
        "requested": "[3.3.4, )",
        "resolved": "3.3.4",
        "contentHash": "0k2Jwpc8eq0hjOtX6TxRkHm9clkJ2PAQ3heEHgqIJZcsfdFosC/iyz18nsgTVDDWpID80rC7aiYK7ripx+Qndg=="
      },
      "Microsoft.Extensions.Configuration": {
        "type": "Direct",
        "requested": "[8.0.0, )",
        "resolved": "8.0.0",
        "contentHash": "0J/9YNXTMWSZP2p2+nvl8p71zpSwokZXZuJW+VjdErkegAnFdO1XlqtA62SJtgVYHdKu3uPxJHcMR/r35HwFBA==",
        "dependencies": {
          "Microsoft.Extensions.Configuration.Abstractions": "8.0.0",
          "Microsoft.Extensions.Primitives": "8.0.0"
        }
      },
      "Microsoft.Extensions.Configuration.Binder": {
        "type": "Direct",
        "requested": "[8.0.2, )",
        "resolved": "8.0.2",
        "contentHash": "7IQhGK+wjyGrNsPBjJcZwWAr+Wf6D4+TwOptUt77bWtgNkiV8tDEbhFS+dDamtQFZ2X7kWG9m71iZQRj2x3zgQ==",
        "dependencies": {
          "Microsoft.Extensions.Configuration.Abstractions": "8.0.0"
        }
      },
      "Microsoft.Extensions.DependencyInjection": {
        "type": "Direct",
        "requested": "[8.0.1, )",
        "resolved": "8.0.1",
        "contentHash": "BmANAnR5Xd4Oqw7yQ75xOAYODybZQRzdeNucg7kS5wWKd2PNnMdYtJ2Vciy0QLylRmv42DGl5+AFL9izA6F1Rw==",
        "dependencies": {
          "Microsoft.Extensions.DependencyInjection.Abstractions": "8.0.2"
        }
      },
      "Microsoft.SourceLink.GitHub": {
        "type": "Direct",
        "requested": "[8.0.0, )",
        "resolved": "8.0.0",
        "contentHash": "G5q7OqtwIyGTkeIOAc3u2ZuV/kicQaec5EaRnc0pIeSnh9LUjj+PYQrJYBURvDt7twGl2PKA7nSN0kz1Zw5bnQ==",
        "dependencies": {
          "Microsoft.Build.Tasks.Git": "8.0.0",
          "Microsoft.SourceLink.Common": "8.0.0"
        }
      },
      "Nerdbank.GitVersioning": {
        "type": "Direct",
        "requested": "[3.6.143, )",
        "resolved": "3.6.143",
        "contentHash": "N24MtdLq4PmdJ2woTQd9515q0I1jeO/DlimYCB/GoRd510Fc9dk9H6YaN8MPPrVF8RHrIalCUfWbWvcoarYeoQ=="
      },
      "Azure.Core": {
        "type": "Transitive",
        "resolved": "1.40.0",
        "contentHash": "eOx6wk3kQ3SCnoAj7IytAu/d99l07PdarmUc+RmMkVOTkcQ3s+UQEaGzMyEqC2Ua4SKnOW4Xw/klLeB5V2PiSA==",
        "dependencies": {
          "Microsoft.Bcl.AsyncInterfaces": "1.1.1",
          "System.ClientModel": "1.0.0",
          "System.Diagnostics.DiagnosticSource": "6.0.1",
          "System.Memory.Data": "1.0.2",
          "System.Numerics.Vectors": "4.5.0",
          "System.Text.Encodings.Web": "4.7.2",
          "System.Text.Json": "4.7.2",
          "System.Threading.Tasks.Extensions": "4.5.4"
        }
      },
      "Azure.ResourceManager": {
        "type": "Transitive",
        "resolved": "1.0.0",
        "contentHash": "UGaoiPcJ8a9Et030+F3zc2KhTssPAgPm7uXm4E9kyNI4jYYenUe6zj2J1bTimaTfcOZnn5scSjSYxKtZCzftcA==",
        "dependencies": {
          "Azure.Core": "1.24.0",
          "System.Text.Json": "4.7.2"
        }
      },
      "Humanizer.Core": {
        "type": "Transitive",
        "resolved": "2.14.1",
        "contentHash": "lQKvtaTDOXnoVJ20ibTuSIOf2i0uO0MPbDhd1jm238I+U/2ZnRENj0cktKZhtchBMtCUSRQ5v4xBCUbKNmyVMw=="
      },
      "Json.More.Net": {
        "type": "Transitive",
        "resolved": "2.0.2",
        "contentHash": "izscdjjk8EAHDBCjyz7V7n77SzkrSjh/hUGV6cyR6PlVdjYDh5ohc8yqvwSqJ9+6Uof8W6B24dIHlDKD+I1F8A=="
      },
      "JsonPatch.Net": {
        "type": "Transitive",
        "resolved": "3.1.1",
        "contentHash": "dLAUhmL7RgezL8lkBpzf+O4U4sEtbGE9DDF858MiQdNmGK8LYBfLqO73n5N288e5H8jVvwypQG/DUJunWvaJyQ==",
        "dependencies": {
          "JsonPointer.Net": "5.0.2"
        }
      },
      "JsonPath.Net": {
        "type": "Transitive",
        "resolved": "1.1.6",
        "contentHash": "FQLbFJdjIa70GdYGR3RpdGkLTMZwQCqcd8gC35yx6aGofVEP3QxMvSuXHn75N30jj9SS6yvsPPTDzJmPMt/Mdw==",
        "dependencies": {
          "Json.More.Net": "2.0.2"
        }
      },
      "JsonPointer.Net": {
        "type": "Transitive",
        "resolved": "5.0.2",
        "contentHash": "H/OtixKadr+ja1j7Fru3WG56V9zP0AKT1Bd0O7RWN/zH1bl8ZIwW9aCa4+xvzuVvt4SPmrvBu3G6NpAkNOwNAA==",
        "dependencies": {
          "Humanizer.Core": "2.14.1",
          "Json.More.Net": "2.0.1.2"
        }
      },
      "JsonSchema.Net": {
        "type": "Transitive",
        "resolved": "7.2.3",
        "contentHash": "O3KclMcPVFYTZsTeZBpwtKd/lYrNc3AFR+xi9j3Q4CfhDufOUx25TMMWJOcFRrqVklvKQ4Kl+0UhlNX1iDGoRw==",
        "dependencies": {
          "JsonPointer.Net": "5.0.0"
        }
      },
      "Microsoft.Bcl.AsyncInterfaces": {
        "type": "Transitive",
        "resolved": "1.1.1",
        "contentHash": "yuvf07qFWFqtK3P/MRkEKLhn5r2UbSpVueRziSqj0yJQIKFwG1pq9mOayK3zE5qZCTs0CbrwL9M6R8VwqyGy2w=="
      },
      "Microsoft.Build.Tasks.Git": {
        "type": "Transitive",
        "resolved": "8.0.0",
        "contentHash": "bZKfSIKJRXLTuSzLudMFte/8CempWjVamNUR5eHJizsy+iuOuO/k2gnh7W0dHJmYY0tBf+gUErfluCv5mySAOQ=="
      },
      "Microsoft.Extensions.Configuration.Abstractions": {
        "type": "Transitive",
        "resolved": "8.0.0",
        "contentHash": "3lE/iLSutpgX1CC0NOW70FJoGARRHbyKmG7dc0klnUZ9Dd9hS6N/POPWhKhMLCEuNN5nXEY5agmlFtH562vqhQ==",
        "dependencies": {
          "Microsoft.Extensions.Primitives": "8.0.0"
        }
      },
      "Microsoft.Extensions.DependencyInjection.Abstractions": {
        "type": "Transitive",
        "resolved": "8.0.2",
        "contentHash": "3iE7UF7MQkCv1cxzCahz+Y/guQbTqieyxyaWKhrRO91itI9cOKO76OHeQDahqG4MmW5umr3CcCvGmK92lWNlbg=="
      },
      "Microsoft.Extensions.Primitives": {
        "type": "Transitive",
        "resolved": "8.0.0",
        "contentHash": "bXJEZrW9ny8vjMF1JV253WeLhpEVzFo1lyaZu1vQ4ZxWUlVvknZ/+ftFgVheLubb4eZPSwwxBeqS1JkCOjxd8g=="
      },
      "Microsoft.Identity.Client": {
        "type": "Transitive",
        "resolved": "4.65.0",
        "contentHash": "RV35ZcJ5/P7n+Zu6J3wmtiDdK6MW5h6EpZ0ojjB9sMwNhGHEJCv829cb3kZ4PZ664llYFv8sbUITWWGvBTqv0Q==",
        "dependencies": {
          "Microsoft.IdentityModel.Abstractions": "6.35.0",
          "System.Diagnostics.DiagnosticSource": "6.0.1"
        }
      },
      "Microsoft.Identity.Client.Extensions.Msal": {
        "type": "Transitive",
        "resolved": "4.65.0",
        "contentHash": "JIOBFMAyVSqGWP4dNoST+A9BRJMGC8m73BNbR1oKA8nUjGyR8Fd4eOOME/VDrd26I5JWU4RtmWqpt20lpp2r5w==",
        "dependencies": {
          "Microsoft.Identity.Client": "4.65.0",
          "System.Security.Cryptography.ProtectedData": "4.5.0"
        }
      },
      "Microsoft.IdentityModel.Abstractions": {
        "type": "Transitive",
        "resolved": "6.35.0",
        "contentHash": "xuR8E4Rd96M41CnUSCiOJ2DBh+z+zQSmyrYHdYhD6K4fXBcQGVnRCFQ0efROUYpP+p0zC1BLKr0JRpVuujTZSg=="
      },
      "Microsoft.SourceLink.Common": {
        "type": "Transitive",
        "resolved": "8.0.0",
        "contentHash": "dk9JPxTCIevS75HyEQ0E4OVAFhB2N+V9ShCXf8Q6FkUQZDkgLI12y679Nym1YqsiSysuQskT7Z+6nUf3yab6Vw=="
      },
      "System.ClientModel": {
        "type": "Transitive",
        "resolved": "1.0.0",
        "contentHash": "I3CVkvxeqFYjIVEP59DnjbeoGNfo/+SZrCLpRz2v/g0gpCHaEMPtWSY0s9k/7jR1rAsLNg2z2u1JRB76tPjnIw==",
        "dependencies": {
          "System.Memory.Data": "1.0.2",
          "System.Text.Json": "4.7.2"
        }
      },
      "System.Diagnostics.DiagnosticSource": {
        "type": "Transitive",
        "resolved": "6.0.1",
        "contentHash": "KiLYDu2k2J82Q9BJpWiuQqCkFjRBWVq4jDzKKWawVi9KWzyD0XG3cmfX0vqTQlL14Wi9EufJrbL0+KCLTbqWiQ==",
        "dependencies": {
          "System.Runtime.CompilerServices.Unsafe": "6.0.0"
        }
      },
      "System.Memory": {
        "type": "Transitive",
        "resolved": "4.5.4",
        "contentHash": "1MbJTHS1lZ4bS4FmsJjnuGJOu88ZzTT2rLvrhW7Ygic+pC0NWA+3hgAen0HRdsocuQXCkUTdFn9yHJJhsijDXw=="
      },
      "System.Memory.Data": {
        "type": "Transitive",
        "resolved": "1.0.2",
        "contentHash": "JGkzeqgBsiZwKJZ1IxPNsDFZDhUvuEdX8L8BDC8N3KOj+6zMcNU28CNN59TpZE/VJYy9cP+5M+sbxtWJx3/xtw==",
        "dependencies": {
          "System.Text.Encodings.Web": "4.7.2",
          "System.Text.Json": "4.6.0"
        }
      },
      "System.Numerics.Vectors": {
        "type": "Transitive",
        "resolved": "4.5.0",
        "contentHash": "QQTlPTl06J/iiDbJCiepZ4H//BVraReU4O4EoRw1U02H5TLUIT7xn3GnDp9AXPSlJUDyFs4uWjWafNX6WrAojQ=="
      },
      "System.Runtime.CompilerServices.Unsafe": {
        "type": "Transitive",
        "resolved": "6.0.0",
        "contentHash": "/iUeP3tq1S0XdNNoMz5C9twLSrM/TH+qElHkXWaPvuNOt+99G75NrV0OS2EqHx5wMN7popYjpc8oTjC1y16DLg=="
      },
      "System.Security.Cryptography.ProtectedData": {
        "type": "Transitive",
        "resolved": "4.7.0",
        "contentHash": "ehYW0m9ptxpGWvE4zgqongBVWpSDU/JCFD4K7krxkQwSz/sFQjEXCUqpvencjy6DYDbn7Ig09R8GFffu8TtneQ=="
      },
      "System.Text.Encodings.Web": {
        "type": "Transitive",
        "resolved": "4.7.2",
        "contentHash": "iTUgB/WtrZ1sWZs84F2hwyQhiRH6QNjQv2DkwrH+WP6RoFga2Q1m3f9/Q7FG8cck8AdHitQkmkXSY8qylcDmuA=="
      },
      "System.Text.Json": {
        "type": "Transitive",
        "resolved": "4.7.2",
        "contentHash": "TcMd95wcrubm9nHvJEQs70rC0H/8omiSGGpU4FQ/ZA1URIqD4pjmFJh2Mfv1yH1eHgJDWTi2hMDXwTET+zOOyg=="
      },
      "System.Threading.Tasks.Extensions": {
        "type": "Transitive",
        "resolved": "4.5.4",
        "contentHash": "zteT+G8xuGu6mS+mzDzYXbzS7rd3K6Fjb9RiZlYlJPam2/hU7JCBZBVEcywNuR+oZ1ncTvc/cq0faRr3P01OVg=="
      },
      "azure.deployments.extensibility.core": {
        "type": "Project",
        "dependencies": {
          "JsonPatch.Net": "[3.1.1, )",
          "JsonPath.Net": "[1.1.6, )",
          "JsonPointer.Net": "[5.0.2, )",
          "JsonSchema.Net": "[7.2.3, )"
        }
      }
    }
  }
}