
Microsoft Visual Studio Solution File, Format Version 12.00
# Visual Studio Version 17
VisualStudioVersion = 17.1.32421.90
MinimumVisualStudioVersion = 10.0.40219.1
Project("{2150E333-8FDC-42A3-9474-1A3956D46DE8}") = "Core", "Core", "{B288A1A3-08D1-4D97-B9F8-32873EFEB4B0}"
EndProject
Project("{2150E333-8FDC-42A3-9474-1A3956D46DE8}") = "Providers", "Providers", "{71A5B95E-429D-4E5A-BCDD-69E963D79962}"
EndProject
Project("{2150E333-8FDC-42A3-9474-1A3956D46DE8}") = "Kubernetes", "Kubernetes", "{13E01E57-50E3-42B7-A0E2-5EA0709CB27B}"
EndProject
Project("{9A19103F-16F7-4668-BE54-9A1E7A4F7556}") = "Azure.Deployments.Extensibility.Providers.Kubernetes", "src\Azure.Deployments.Extensibility.Providers.Kubernetes\Azure.Deployments.Extensibility.Providers.Kubernetes.csproj", "{8EDBF496-6D80-497B-A205-B8116C457038}"
EndProject
Project("{9A19103F-16F7-4668-BE54-9A1E7A4F7556}") = "Azure.Deployments.Extensibility.Core", "src\Azure.Deployments.Extensibility.Core\Azure.Deployments.Extensibility.Core.csproj", "{D0B72CE2-3037-418E-9926-FA175B9E7844}"
EndProject
Project("{9A19103F-16F7-4668-BE54-9A1E7A4F7556}") = "Azure.Deployments.Extensibility.Core.Tests.Unit", "src\Azure.Deployments.Extensibility.Core.Tests.Unit\Azure.Deployments.Extensibility.Core.Tests.Unit.csproj", "{E699C5C2-C63E-4B24-A537-7EB6F26CD480}"
EndProject
Project("{9A19103F-16F7-4668-BE54-9A1E7A4F7556}") = "Azure.Deployments.Extensibility.Providers.Kubernetes.Tests.Unit", "src\Azure.Deployments.Extensibility.Providers.Kubernetes.Tests.Unit\Azure.Deployments.Extensibility.Providers.Kubernetes.Tests.Unit.csproj", "{551B9302-B7A3-47C5-8892-6B1598C70690}"
EndProject
Project("{9A19103F-16F7-4668-BE54-9A1E7A4F7556}") = "Azure.Deployments.Extensibility.Providers.Kubernetes.Tests.Integration", "src\Azure.Deployments.Extensibility.Providers.Kubernetes.Tests.Integration\Azure.Deployments.Extensibility.Providers.Kubernetes.Tests.Integration.csproj", "{CEA4E336-491B-4D1A-A578-776E380EF463}"
EndProject
Project("{9A19103F-16F7-4668-BE54-9A1E7A4F7556}") = "Azure.Deployments.Extensibility.Providers.Kubernetes.Tests.Core", "src\Azure.Deployments.Extensibility.Providers.Kubernetes.Tests.Core\Azure.Deployments.Extensibility.Providers.Kubernetes.Tests.Core.csproj", "{CE6AF926-A2F5-41C3-B6CD-84D76AAF50CA}"
EndProject
Project("{2150E333-8FDC-42A3-9474-1A3956D46DE8}") = "DevHost", "DevHost", "{D067770F-49EE-4374-B878-C624450A7329}"
EndProject
Project("{9A19103F-16F7-4668-BE54-9A1E7A4F7556}") = "Azure.Deployments.Extensibility.DevHost", "src\Azure.Deployments.Extensibility.DevHost\Azure.Deployments.Extensibility.DevHost.csproj", "{33BEB45A-04F9-4824-AFE1-2B20B439EA67}"
EndProject
Project("{FAE04EC0-301F-11D3-BF4B-00C04F79EFBC}") = "Azure.Deployments.Extensibility.Providers.Graph", "src\Azure.Deployments.Extensibility.Providers.Graph\Azure.Deployments.Extensibility.Providers.Graph.csproj", "{C2A30D1B-4DF6-4AD4-8C6A-CAAC27EF2B89}"
EndProject
Project("{2150E333-8FDC-42A3-9474-1A3956D46DE8}") = "Graph", "Graph", "{150A6B27-AC73-4377-A2C6-2A8B650207FA}"
EndProject
Global
	GlobalSection(SolutionConfigurationPlatforms) = preSolution
		Debug|Any CPU = Debug|Any CPU
		Release|Any CPU = Release|Any CPU
	EndGlobalSection
	GlobalSection(ProjectConfigurationPlatforms) = postSolution
		{8EDBF496-6D80-497B-A205-B8116C457038}.Debug|Any CPU.ActiveCfg = Debug|Any CPU
		{8EDBF496-6D80-497B-A205-B8116C457038}.Debug|Any CPU.Build.0 = Debug|Any CPU
		{8EDBF496-6D80-497B-A205-B8116C457038}.Release|Any CPU.ActiveCfg = Release|Any CPU
		{8EDBF496-6D80-497B-A205-B8116C457038}.Release|Any CPU.Build.0 = Release|Any CPU
		{D0B72CE2-3037-418E-9926-FA175B9E7844}.Debug|Any CPU.ActiveCfg = Debug|Any CPU
		{D0B72CE2-3037-418E-9926-FA175B9E7844}.Debug|Any CPU.Build.0 = Debug|Any CPU
		{D0B72CE2-3037-418E-9926-FA175B9E7844}.Release|Any CPU.ActiveCfg = Release|Any CPU
		{D0B72CE2-3037-418E-9926-FA175B9E7844}.Release|Any CPU.Build.0 = Release|Any CPU
		{E699C5C2-C63E-4B24-A537-7EB6F26CD480}.Debug|Any CPU.ActiveCfg = Debug|Any CPU
		{E699C5C2-C63E-4B24-A537-7EB6F26CD480}.Debug|Any CPU.Build.0 = Debug|Any CPU
		{E699C5C2-C63E-4B24-A537-7EB6F26CD480}.Release|Any CPU.ActiveCfg = Release|Any CPU
		{E699C5C2-C63E-4B24-A537-7EB6F26CD480}.Release|Any CPU.Build.0 = Release|Any CPU
		{551B9302-B7A3-47C5-8892-6B1598C70690}.Debug|Any CPU.ActiveCfg = Debug|Any CPU
		{551B9302-B7A3-47C5-8892-6B1598C70690}.Debug|Any CPU.Build.0 = Debug|Any CPU
		{551B9302-B7A3-47C5-8892-6B1598C70690}.Release|Any CPU.ActiveCfg = Release|Any CPU
		{551B9302-B7A3-47C5-8892-6B1598C70690}.Release|Any CPU.Build.0 = Release|Any CPU
		{CEA4E336-491B-4D1A-A578-776E380EF463}.Debug|Any CPU.ActiveCfg = Debug|Any CPU
		{CEA4E336-491B-4D1A-A578-776E380EF463}.Debug|Any CPU.Build.0 = Debug|Any CPU
		{CEA4E336-491B-4D1A-A578-776E380EF463}.Release|Any CPU.ActiveCfg = Release|Any CPU
		{CEA4E336-491B-4D1A-A578-776E380EF463}.Release|Any CPU.Build.0 = Release|Any CPU
		{CE6AF926-A2F5-41C3-B6CD-84D76AAF50CA}.Debug|Any CPU.ActiveCfg = Debug|Any CPU
		{CE6AF926-A2F5-41C3-B6CD-84D76AAF50CA}.Debug|Any CPU.Build.0 = Debug|Any CPU
		{CE6AF926-A2F5-41C3-B6CD-84D76AAF50CA}.Release|Any CPU.ActiveCfg = Release|Any CPU
		{CE6AF926-A2F5-41C3-B6CD-84D76AAF50CA}.Release|Any CPU.Build.0 = Release|Any CPU
		{33BEB45A-04F9-4824-AFE1-2B20B439EA67}.Debug|Any CPU.ActiveCfg = Debug|Any CPU
		{33BEB45A-04F9-4824-AFE1-2B20B439EA67}.Debug|Any CPU.Build.0 = Debug|Any CPU
		{33BEB45A-04F9-4824-AFE1-2B20B439EA67}.Release|Any CPU.ActiveCfg = Release|Any CPU
		{33BEB45A-04F9-4824-AFE1-2B20B439EA67}.Release|Any CPU.Build.0 = Release|Any CPU
		{C2A30D1B-4DF6-4AD4-8C6A-CAAC27EF2B89}.Debug|Any CPU.ActiveCfg = Debug|Any CPU
		{C2A30D1B-4DF6-4AD4-8C6A-CAAC27EF2B89}.Debug|Any CPU.Build.0 = Debug|Any CPU
		{C2A30D1B-4DF6-4AD4-8C6A-CAAC27EF2B89}.Release|Any CPU.ActiveCfg = Release|Any CPU
		{C2A30D1B-4DF6-4AD4-8C6A-CAAC27EF2B89}.Release|Any CPU.Build.0 = Release|Any CPU
	EndGlobalSection
	GlobalSection(SolutionProperties) = preSolution
		HideSolutionNode = FALSE
	EndGlobalSection
	GlobalSection(NestedProjects) = preSolution
		{13E01E57-50E3-42B7-A0E2-5EA0709CB27B} = {71A5B95E-429D-4E5A-BCDD-69E963D79962}
		{8EDBF496-6D80-497B-A205-B8116C457038} = {13E01E57-50E3-42B7-A0E2-5EA0709CB27B}
		{D0B72CE2-3037-418E-9926-FA175B9E7844} = {B288A1A3-08D1-4D97-B9F8-32873EFEB4B0}
		{E699C5C2-C63E-4B24-A537-7EB6F26CD480} = {B288A1A3-08D1-4D97-B9F8-32873EFEB4B0}
		{551B9302-B7A3-47C5-8892-6B1598C70690} = {13E01E57-50E3-42B7-A0E2-5EA0709CB27B}
		{CEA4E336-491B-4D1A-A578-776E380EF463} = {13E01E57-50E3-42B7-A0E2-5EA0709CB27B}
		{CE6AF926-A2F5-41C3-B6CD-84D76AAF50CA} = {13E01E57-50E3-42B7-A0E2-5EA0709CB27B}
		{33BEB45A-04F9-4824-AFE1-2B20B439EA67} = {D067770F-49EE-4374-B878-C624450A7329}
		{C2A30D1B-4DF6-4AD4-8C6A-CAAC27EF2B89} = {150A6B27-AC73-4377-A2C6-2A8B650207FA}
		{150A6B27-AC73-4377-A2C6-2A8B650207FA} = {71A5B95E-429D-4E5A-BCDD-69E963D79962}
	EndGlobalSection
	GlobalSection(ExtensibilityGlobals) = postSolution
		SolutionGuid = {E3073660-079C-482C-ABB4-E970087314E7}
	EndGlobalSection
EndGlobal
