
Microsoft Visual Studio Solution File, Format Version 12.00
# Visual Studio Version 16
VisualStudioVersion = 16.0.30114.105
MinimumVisualStudioVersion = 10.0.40219.1
Project("{2150E333-8FDC-42A3-9474-1A3956D46DE8}") = "src", "src", "{3D4D1985-DB23-440E-8268-088CF68218FC}"
EndProject
Project("{FAE04EC0-301F-11D3-BF4B-00C04F79EFBC}") = "Extensibility.Core", "src\Extensibility.Core\Extensibility.Core.csproj", "{456C3163-090D-44B4-AADC-CF0CE3E8BBED}"
EndProject
Project("{FAE04EC0-301F-11D3-BF4B-00C04F79EFBC}") = "Extensibility.AzureStorage", "src\Extensibility.AzureStorage\Extensibility.AzureStorage.csproj", "{520C1DE2-27F8-4619-8B4C-A61D1032502B}"
EndProject
Project("{FAE04EC0-301F-11D3-BF4B-00C04F79EFBC}") = "Extensibility.Kubernetes", "src\Extensibility.Kubernetes\Extensibility.Kubernetes.csproj", "{9125FE0B-9AB5-43FB-84B8-67A5A90DE5B8}"
EndProject
Project("{2150E333-8FDC-42A3-9474-1A3956D46DE8}") = "test", "test", "{1E3C8D8F-0A5D-42CF-BD21-58F9DBF86E5F}"
EndProject
Project("{FAE04EC0-301F-11D3-BF4B-00C04F79EFBC}") = "Extensibility.AzureStorage.Tests", "test\Extensibility.AzureStorage.Tests\Extensibility.AzureStorage.Tests.csproj", "{FCAC2958-3CDB-4E4F-89D1-0EB4E74B60BF}"
EndProject
Project("{FAE04EC0-301F-11D3-BF4B-00C04F79EFBC}") = "Extensibility.Kubernetes.Tests", "test\Extensibility.Kubernetes.Tests\Extensibility.Kubernetes.Tests.csproj", "{9B8E3D20-D111-4DD4-8712-24A5F24EA3D7}"
EndProject
Project("{FAE04EC0-301F-11D3-BF4B-00C04F79EFBC}") = "Extensibility.Tests", "test\Extensibility.Tests\Extensibility.Tests.csproj", "{E0F57836-46A4-4002-9A23-A3B35D3A9C8C}"
EndProject
Project("{FAE04EC0-301F-11D3-BF4B-00C04F79EFBC}") = "Extensibility.Host", "src\Extensibility.Host\Extensibility.Host.csproj", "{14A8E9DC-FBE8-4F53-A25D-3E6A207F98CA}"
EndProject
Global
	GlobalSection(SolutionConfigurationPlatforms) = preSolution
		Debug|Any CPU = Debug|Any CPU
		Debug|x64 = Debug|x64
		Debug|x86 = Debug|x86
		Release|Any CPU = Release|Any CPU
		Release|x64 = Release|x64
		Release|x86 = Release|x86
	EndGlobalSection
	GlobalSection(SolutionProperties) = preSolution
		HideSolutionNode = FALSE
	EndGlobalSection
	GlobalSection(ProjectConfigurationPlatforms) = postSolution
		{456C3163-090D-44B4-AADC-CF0CE3E8BBED}.Debug|Any CPU.ActiveCfg = Debug|Any CPU
		{456C3163-090D-44B4-AADC-CF0CE3E8BBED}.Debug|Any CPU.Build.0 = Debug|Any CPU
		{456C3163-090D-44B4-AADC-CF0CE3E8BBED}.Debug|x64.ActiveCfg = Debug|Any CPU
		{456C3163-090D-44B4-AADC-CF0CE3E8BBED}.Debug|x64.Build.0 = Debug|Any CPU
		{456C3163-090D-44B4-AADC-CF0CE3E8BBED}.Debug|x86.ActiveCfg = Debug|Any CPU
		{456C3163-090D-44B4-AADC-CF0CE3E8BBED}.Debug|x86.Build.0 = Debug|Any CPU
		{456C3163-090D-44B4-AADC-CF0CE3E8BBED}.Release|Any CPU.ActiveCfg = Release|Any CPU
		{456C3163-090D-44B4-AADC-CF0CE3E8BBED}.Release|Any CPU.Build.0 = Release|Any CPU
		{456C3163-090D-44B4-AADC-CF0CE3E8BBED}.Release|x64.ActiveCfg = Release|Any CPU
		{456C3163-090D-44B4-AADC-CF0CE3E8BBED}.Release|x64.Build.0 = Release|Any CPU
		{456C3163-090D-44B4-AADC-CF0CE3E8BBED}.Release|x86.ActiveCfg = Release|Any CPU
		{456C3163-090D-44B4-AADC-CF0CE3E8BBED}.Release|x86.Build.0 = Release|Any CPU
		{520C1DE2-27F8-4619-8B4C-A61D1032502B}.Debug|Any CPU.ActiveCfg = Debug|Any CPU
		{520C1DE2-27F8-4619-8B4C-A61D1032502B}.Debug|Any CPU.Build.0 = Debug|Any CPU
		{520C1DE2-27F8-4619-8B4C-A61D1032502B}.Debug|x64.ActiveCfg = Debug|Any CPU
		{520C1DE2-27F8-4619-8B4C-A61D1032502B}.Debug|x64.Build.0 = Debug|Any CPU
		{520C1DE2-27F8-4619-8B4C-A61D1032502B}.Debug|x86.ActiveCfg = Debug|Any CPU
		{520C1DE2-27F8-4619-8B4C-A61D1032502B}.Debug|x86.Build.0 = Debug|Any CPU
		{520C1DE2-27F8-4619-8B4C-A61D1032502B}.Release|Any CPU.ActiveCfg = Release|Any CPU
		{520C1DE2-27F8-4619-8B4C-A61D1032502B}.Release|Any CPU.Build.0 = Release|Any CPU
		{520C1DE2-27F8-4619-8B4C-A61D1032502B}.Release|x64.ActiveCfg = Release|Any CPU
		{520C1DE2-27F8-4619-8B4C-A61D1032502B}.Release|x64.Build.0 = Release|Any CPU
		{520C1DE2-27F8-4619-8B4C-A61D1032502B}.Release|x86.ActiveCfg = Release|Any CPU
		{520C1DE2-27F8-4619-8B4C-A61D1032502B}.Release|x86.Build.0 = Release|Any CPU
		{9125FE0B-9AB5-43FB-84B8-67A5A90DE5B8}.Debug|Any CPU.ActiveCfg = Debug|Any CPU
		{9125FE0B-9AB5-43FB-84B8-67A5A90DE5B8}.Debug|Any CPU.Build.0 = Debug|Any CPU
		{9125FE0B-9AB5-43FB-84B8-67A5A90DE5B8}.Debug|x64.ActiveCfg = Debug|Any CPU
		{9125FE0B-9AB5-43FB-84B8-67A5A90DE5B8}.Debug|x64.Build.0 = Debug|Any CPU
		{9125FE0B-9AB5-43FB-84B8-67A5A90DE5B8}.Debug|x86.ActiveCfg = Debug|Any CPU
		{9125FE0B-9AB5-43FB-84B8-67A5A90DE5B8}.Debug|x86.Build.0 = Debug|Any CPU
		{9125FE0B-9AB5-43FB-84B8-67A5A90DE5B8}.Release|Any CPU.ActiveCfg = Release|Any CPU
		{9125FE0B-9AB5-43FB-84B8-67A5A90DE5B8}.Release|Any CPU.Build.0 = Release|Any CPU
		{9125FE0B-9AB5-43FB-84B8-67A5A90DE5B8}.Release|x64.ActiveCfg = Release|Any CPU
		{9125FE0B-9AB5-43FB-84B8-67A5A90DE5B8}.Release|x64.Build.0 = Release|Any CPU
		{9125FE0B-9AB5-43FB-84B8-67A5A90DE5B8}.Release|x86.ActiveCfg = Release|Any CPU
		{9125FE0B-9AB5-43FB-84B8-67A5A90DE5B8}.Release|x86.Build.0 = Release|Any CPU
		{FCAC2958-3CDB-4E4F-89D1-0EB4E74B60BF}.Debug|Any CPU.ActiveCfg = Debug|Any CPU
		{FCAC2958-3CDB-4E4F-89D1-0EB4E74B60BF}.Debug|Any CPU.Build.0 = Debug|Any CPU
		{FCAC2958-3CDB-4E4F-89D1-0EB4E74B60BF}.Debug|x64.ActiveCfg = Debug|Any CPU
		{FCAC2958-3CDB-4E4F-89D1-0EB4E74B60BF}.Debug|x64.Build.0 = Debug|Any CPU
		{FCAC2958-3CDB-4E4F-89D1-0EB4E74B60BF}.Debug|x86.ActiveCfg = Debug|Any CPU
		{FCAC2958-3CDB-4E4F-89D1-0EB4E74B60BF}.Debug|x86.Build.0 = Debug|Any CPU
		{FCAC2958-3CDB-4E4F-89D1-0EB4E74B60BF}.Release|Any CPU.ActiveCfg = Release|Any CPU
		{FCAC2958-3CDB-4E4F-89D1-0EB4E74B60BF}.Release|Any CPU.Build.0 = Release|Any CPU
		{FCAC2958-3CDB-4E4F-89D1-0EB4E74B60BF}.Release|x64.ActiveCfg = Release|Any CPU
		{FCAC2958-3CDB-4E4F-89D1-0EB4E74B60BF}.Release|x64.Build.0 = Release|Any CPU
		{FCAC2958-3CDB-4E4F-89D1-0EB4E74B60BF}.Release|x86.ActiveCfg = Release|Any CPU
		{FCAC2958-3CDB-4E4F-89D1-0EB4E74B60BF}.Release|x86.Build.0 = Release|Any CPU
		{9B8E3D20-D111-4DD4-8712-24A5F24EA3D7}.Debug|Any CPU.ActiveCfg = Debug|Any CPU
		{9B8E3D20-D111-4DD4-8712-24A5F24EA3D7}.Debug|Any CPU.Build.0 = Debug|Any CPU
		{9B8E3D20-D111-4DD4-8712-24A5F24EA3D7}.Debug|x64.ActiveCfg = Debug|Any CPU
		{9B8E3D20-D111-4DD4-8712-24A5F24EA3D7}.Debug|x64.Build.0 = Debug|Any CPU
		{9B8E3D20-D111-4DD4-8712-24A5F24EA3D7}.Debug|x86.ActiveCfg = Debug|Any CPU
		{9B8E3D20-D111-4DD4-8712-24A5F24EA3D7}.Debug|x86.Build.0 = Debug|Any CPU
		{9B8E3D20-D111-4DD4-8712-24A5F24EA3D7}.Release|Any CPU.ActiveCfg = Release|Any CPU
		{9B8E3D20-D111-4DD4-8712-24A5F24EA3D7}.Release|Any CPU.Build.0 = Release|Any CPU
		{9B8E3D20-D111-4DD4-8712-24A5F24EA3D7}.Release|x64.ActiveCfg = Release|Any CPU
		{9B8E3D20-D111-4DD4-8712-24A5F24EA3D7}.Release|x64.Build.0 = Release|Any CPU
		{9B8E3D20-D111-4DD4-8712-24A5F24EA3D7}.Release|x86.ActiveCfg = Release|Any CPU
		{9B8E3D20-D111-4DD4-8712-24A5F24EA3D7}.Release|x86.Build.0 = Release|Any CPU
		{E0F57836-46A4-4002-9A23-A3B35D3A9C8C}.Debug|Any CPU.ActiveCfg = Debug|Any CPU
		{E0F57836-46A4-4002-9A23-A3B35D3A9C8C}.Debug|Any CPU.Build.0 = Debug|Any CPU
		{E0F57836-46A4-4002-9A23-A3B35D3A9C8C}.Debug|x64.ActiveCfg = Debug|Any CPU
		{E0F57836-46A4-4002-9A23-A3B35D3A9C8C}.Debug|x64.Build.0 = Debug|Any CPU
		{E0F57836-46A4-4002-9A23-A3B35D3A9C8C}.Debug|x86.ActiveCfg = Debug|Any CPU
		{E0F57836-46A4-4002-9A23-A3B35D3A9C8C}.Debug|x86.Build.0 = Debug|Any CPU
		{E0F57836-46A4-4002-9A23-A3B35D3A9C8C}.Release|Any CPU.ActiveCfg = Release|Any CPU
		{E0F57836-46A4-4002-9A23-A3B35D3A9C8C}.Release|Any CPU.Build.0 = Release|Any CPU
		{E0F57836-46A4-4002-9A23-A3B35D3A9C8C}.Release|x64.ActiveCfg = Release|Any CPU
		{E0F57836-46A4-4002-9A23-A3B35D3A9C8C}.Release|x64.Build.0 = Release|Any CPU
		{E0F57836-46A4-4002-9A23-A3B35D3A9C8C}.Release|x86.ActiveCfg = Release|Any CPU
		{E0F57836-46A4-4002-9A23-A3B35D3A9C8C}.Release|x86.Build.0 = Release|Any CPU
		{14A8E9DC-FBE8-4F53-A25D-3E6A207F98CA}.Debug|Any CPU.ActiveCfg = Debug|Any CPU
		{14A8E9DC-FBE8-4F53-A25D-3E6A207F98CA}.Debug|Any CPU.Build.0 = Debug|Any CPU
		{14A8E9DC-FBE8-4F53-A25D-3E6A207F98CA}.Debug|x64.ActiveCfg = Debug|Any CPU
		{14A8E9DC-FBE8-4F53-A25D-3E6A207F98CA}.Debug|x64.Build.0 = Debug|Any CPU
		{14A8E9DC-FBE8-4F53-A25D-3E6A207F98CA}.Debug|x86.ActiveCfg = Debug|Any CPU
		{14A8E9DC-FBE8-4F53-A25D-3E6A207F98CA}.Debug|x86.Build.0 = Debug|Any CPU
		{14A8E9DC-FBE8-4F53-A25D-3E6A207F98CA}.Release|Any CPU.ActiveCfg = Release|Any CPU
		{14A8E9DC-FBE8-4F53-A25D-3E6A207F98CA}.Release|Any CPU.Build.0 = Release|Any CPU
		{14A8E9DC-FBE8-4F53-A25D-3E6A207F98CA}.Release|x64.ActiveCfg = Release|Any CPU
		{14A8E9DC-FBE8-4F53-A25D-3E6A207F98CA}.Release|x64.Build.0 = Release|Any CPU
		{14A8E9DC-FBE8-4F53-A25D-3E6A207F98CA}.Release|x86.ActiveCfg = Release|Any CPU
		{14A8E9DC-FBE8-4F53-A25D-3E6A207F98CA}.Release|x86.Build.0 = Release|Any CPU
	EndGlobalSection
	GlobalSection(NestedProjects) = preSolution
		{456C3163-090D-44B4-AADC-CF0CE3E8BBED} = {3D4D1985-DB23-440E-8268-088CF68218FC}
		{520C1DE2-27F8-4619-8B4C-A61D1032502B} = {3D4D1985-DB23-440E-8268-088CF68218FC}
		{9125FE0B-9AB5-43FB-84B8-67A5A90DE5B8} = {3D4D1985-DB23-440E-8268-088CF68218FC}
		{FCAC2958-3CDB-4E4F-89D1-0EB4E74B60BF} = {1E3C8D8F-0A5D-42CF-BD21-58F9DBF86E5F}
		{9B8E3D20-D111-4DD4-8712-24A5F24EA3D7} = {1E3C8D8F-0A5D-42CF-BD21-58F9DBF86E5F}
		{E0F57836-46A4-4002-9A23-A3B35D3A9C8C} = {1E3C8D8F-0A5D-42CF-BD21-58F9DBF86E5F}
		{14A8E9DC-FBE8-4F53-A25D-3E6A207F98CA} = {3D4D1985-DB23-440E-8268-088CF68218FC}
	EndGlobalSection
EndGlobal
