{
  "version": 1,
  "dependencies": {
    "net8.0": {
      "Microsoft.CodeAnalysis.BannedApiAnalyzers": {
        "type": "Direct",
        "requested": "[3.3.4, )",
        "resolved": "3.3.4",
        "contentHash": "0k2Jwpc8eq0hjOtX6TxRkHm9clkJ2PAQ3heEHgqIJZcsfdFosC/iyz18nsgTVDDWpID80rC7aiYK7ripx+Qndg=="
      },
      "Microsoft.SourceLink.GitHub": {
        "type": "Direct",
        "requested": "[1.1.1, )",
        "resolved": "1.1.1",
        "contentHash": "IaJGnOv/M7UQjRJks7B6p7pbPnOwisYGOIzqCz5ilGFTApZ3ktOR+6zJ12ZRPInulBmdAf1SrGdDG2MU8g6XTw==",
        "dependencies": {
          "Microsoft.Build.Tasks.Git": "1.1.1",
          "Microsoft.SourceLink.Common": "1.1.1"
        }
      },
      "Nerdbank.GitVersioning": {
        "type": "Direct",
        "requested": "[3.5.119, )",
        "resolved": "3.5.119",
        "contentHash": "x8k4zV6YKZA5Rr810439lG9NngdbyPtFv0QpIYz32m1Im59kvSbEHO8gKGZoNvsfZSquayjEDUCa8acbut372g=="
      },
      "Humanizer.Core": {
        "type": "Transitive",
        "resolved": "2.14.1",
        "contentHash": "lQKvtaTDOXnoVJ20ibTuSIOf2i0uO0MPbDhd1jm238I+U/2ZnRENj0cktKZhtchBMtCUSRQ5v4xBCUbKNmyVMw=="
      },
      "Json.More.Net": {
        "type": "Transitive",
        "resolved": "2.0.1.2",
        "contentHash": "uF3QeiaXEfH92emz0/BWUiNtMSfxIIvgynuB0Bf1vF4s8eWTcZitBx9l+g/FDaJk5XxqBv9buQXizXKQcXFG1w=="
      },
      "JsonPath.Net": {
        "type": "Transitive",
        "resolved": "1.0.4",
        "contentHash": "G7RBYVMh4MMQfdAfo3TkZDdduX2GCBWHiDRzK3elyUxk0Pi3bohEqDvkUnC/3/yU8Pc8arSN0CEbAy8bTCbYqw==",
        "dependencies": {
          "Json.More.Net": "2.0.1.2"
        }
      },
      "JsonPointer.Net": {
        "type": "Transitive",
        "resolved": "5.0.0",
        "contentHash": "fm4T5w20AY6C+p5/pJr0vrXRNGgtSfHl34I1LxC9zdPwS9S3j0GiR1Mz/CVPWKDXXGDpCt1APHpCq7kn5adCfA==",
        "dependencies": {
          "Humanizer.Core": "2.14.1",
          "Json.More.Net": "2.0.1.2"
        }
      },
      "JsonSchema.Net": {
        "type": "Transitive",
        "resolved": "7.0.2",
        "contentHash": "UAt+IVSRcq/CkvnkEfacETPOMZdUVq4aZ9uyRSB+vZe+0Sev6ZyWbb+cidkVykCwraFOkCnPyxZYjEu+aMCorQ==",
        "dependencies": {
          "JsonPointer.Net": "5.0.0"
        }
      },
      "Microsoft.Build.Tasks.Git": {
        "type": "Transitive",
        "resolved": "1.1.1",
        "contentHash": "AT3HlgTjsqHnWpBHSNeR0KxbLZD7bztlZVj7I8vgeYG9SYqbeFGh0TM/KVtC6fg53nrWHl3VfZFvb5BiQFcY6Q=="
      },
      "Microsoft.SourceLink.Common": {
        "type": "Transitive",
        "resolved": "1.1.1",
        "contentHash": "WMcGpWKrmJmzrNeuaEb23bEMnbtR/vLmvZtkAP5qWu7vQsY59GqfRJd65sFpBszbd2k/bQ8cs8eWawQKAabkVg=="
      },
      "azure.deployments.extensibility.core": {
        "type": "Project",
        "dependencies": {
          "JsonPath.Net": "[1.0.4, )",
          "JsonPointer.Net": "[5.0.0, )",
          "JsonSchema.Net": "[7.0.2, )"
        }
      }
    }
  }
}